
Microsoft Visual Studio Solution File, Format Version 12.00
# Visual Studio Version 16
VisualStudioVersion = 16.0.30001.183
MinimumVisualStudioVersion = 10.0.40219.1
Project("{9A19103F-16F7-4668-BE54-9A1E7A4F7556}") = "ClearAddVsLookupMove.Library", "ClearAddVsLookupMove\ClearAddVsLookupMove.Library.csproj", "{807F6375-47C7-4124-8A1E-C8F3DBB61140}"
EndProject
Project("{2150E333-8FDC-42A3-9474-1A3956D46DE8}") = "Platforms", "Platforms", "{5DD40AE0-D548-4F65-9156-CA619E1BE511}"
EndProject
Project("{2150E333-8FDC-42A3-9474-1A3956D46DE8}") = "Shared", "Shared", "{3DE044F1-872C-4931-8FD6-AAD9D61011B5}"
EndProject
Project("{FAE04EC0-301F-11D3-BF4B-00C04F79EFBC}") = "ClearAddVsLookupMove.Xamarin.Android", "ClearAddVsLookupMove.Xamarin\ClearAddVsLookupMove.Xamarin.Android\ClearAddVsLookupMove.Xamarin.Android.csproj", "{ED88FC02-188D-41D3-95E5-4B071FC18A6D}"
EndProject
Project("{FAE04EC0-301F-11D3-BF4B-00C04F79EFBC}") = "ClearAddVsLookupMove.Xamarin.iOS", "ClearAddVsLookupMove.Xamarin\ClearAddVsLookupMove.Xamarin.iOS\ClearAddVsLookupMove.Xamarin.iOS.csproj", "{5FA53DC8-1EB8-46DF-A4B8-4EED38CA2406}"
EndProject
Project("{9A19103F-16F7-4668-BE54-9A1E7A4F7556}") = "ClearAddVsLookupMove.Xamarin", "ClearAddVsLookupMove.Xamarin\ClearAddVsLookupMove.Xamarin\ClearAddVsLookupMove.Xamarin.csproj", "{B08AE05C-7B54-411D-A2E8-52130665A9D9}"
EndProject
Project("{FAE04EC0-301F-11D3-BF4B-00C04F79EFBC}") = "ClearAddVsLookupMove.UWP", "ClearAddVsLookupMove.UWP\ClearAddVsLookupMove.UWP.csproj", "{4F4E59D6-B97F-4CFB-853F-85120FFD98CD}"
EndProject
Project("{2150E333-8FDC-42A3-9474-1A3956D46DE8}") = "Mobile", "Mobile", "{B20531D3-D76A-454D-9B35-FE5766103660}"
EndProject
Project("{2150E333-8FDC-42A3-9474-1A3956D46DE8}") = "Windows", "Windows", "{8A1B0F99-940C-487E-8348-AE49239D13C0}"
EndProject
Global
	GlobalSection(SolutionConfigurationPlatforms) = preSolution
		Debug|Any CPU = Debug|Any CPU
		Debug|ARM = Debug|ARM
		Debug|ARM64 = Debug|ARM64
		Debug|iPhone = Debug|iPhone
		Debug|iPhoneSimulator = Debug|iPhoneSimulator
		Debug|x64 = Debug|x64
		Debug|x86 = Debug|x86
		Release|Any CPU = Release|Any CPU
		Release|ARM = Release|ARM
		Release|ARM64 = Release|ARM64
		Release|iPhone = Release|iPhone
		Release|iPhoneSimulator = Release|iPhoneSimulator
		Release|x64 = Release|x64
		Release|x86 = Release|x86
	EndGlobalSection
	GlobalSection(ProjectConfigurationPlatforms) = postSolution
		{807F6375-47C7-4124-8A1E-C8F3DBB61140}.Debug|Any CPU.ActiveCfg = Debug|Any CPU
		{807F6375-47C7-4124-8A1E-C8F3DBB61140}.Debug|Any CPU.Build.0 = Debug|Any CPU
		{807F6375-47C7-4124-8A1E-C8F3DBB61140}.Debug|ARM.ActiveCfg = Debug|Any CPU
		{807F6375-47C7-4124-8A1E-C8F3DBB61140}.Debug|ARM.Build.0 = Debug|Any CPU
		{807F6375-47C7-4124-8A1E-C8F3DBB61140}.Debug|ARM64.ActiveCfg = Debug|Any CPU
		{807F6375-47C7-4124-8A1E-C8F3DBB61140}.Debug|ARM64.Build.0 = Debug|Any CPU
		{807F6375-47C7-4124-8A1E-C8F3DBB61140}.Debug|iPhone.ActiveCfg = Debug|Any CPU
		{807F6375-47C7-4124-8A1E-C8F3DBB61140}.Debug|iPhone.Build.0 = Debug|Any CPU
		{807F6375-47C7-4124-8A1E-C8F3DBB61140}.Debug|iPhoneSimulator.ActiveCfg = Debug|Any CPU
		{807F6375-47C7-4124-8A1E-C8F3DBB61140}.Debug|iPhoneSimulator.Build.0 = Debug|Any CPU
		{807F6375-47C7-4124-8A1E-C8F3DBB61140}.Debug|x64.ActiveCfg = Debug|Any CPU
		{807F6375-47C7-4124-8A1E-C8F3DBB61140}.Debug|x64.Build.0 = Debug|Any CPU
		{807F6375-47C7-4124-8A1E-C8F3DBB61140}.Debug|x86.ActiveCfg = Debug|Any CPU
		{807F6375-47C7-4124-8A1E-C8F3DBB61140}.Debug|x86.Build.0 = Debug|Any CPU
		{807F6375-47C7-4124-8A1E-C8F3DBB61140}.Release|Any CPU.ActiveCfg = Release|Any CPU
		{807F6375-47C7-4124-8A1E-C8F3DBB61140}.Release|Any CPU.Build.0 = Release|Any CPU
		{807F6375-47C7-4124-8A1E-C8F3DBB61140}.Release|ARM.ActiveCfg = Release|Any CPU
		{807F6375-47C7-4124-8A1E-C8F3DBB61140}.Release|ARM.Build.0 = Release|Any CPU
		{807F6375-47C7-4124-8A1E-C8F3DBB61140}.Release|ARM64.ActiveCfg = Release|Any CPU
		{807F6375-47C7-4124-8A1E-C8F3DBB61140}.Release|ARM64.Build.0 = Release|Any CPU
		{807F6375-47C7-4124-8A1E-C8F3DBB61140}.Release|iPhone.ActiveCfg = Release|Any CPU
		{807F6375-47C7-4124-8A1E-C8F3DBB61140}.Release|iPhone.Build.0 = Release|Any CPU
		{807F6375-47C7-4124-8A1E-C8F3DBB61140}.Release|iPhoneSimulator.ActiveCfg = Release|Any CPU
		{807F6375-47C7-4124-8A1E-C8F3DBB61140}.Release|iPhoneSimulator.Build.0 = Release|Any CPU
		{807F6375-47C7-4124-8A1E-C8F3DBB61140}.Release|x64.ActiveCfg = Release|Any CPU
		{807F6375-47C7-4124-8A1E-C8F3DBB61140}.Release|x64.Build.0 = Release|Any CPU
		{807F6375-47C7-4124-8A1E-C8F3DBB61140}.Release|x86.ActiveCfg = Release|Any CPU
		{807F6375-47C7-4124-8A1E-C8F3DBB61140}.Release|x86.Build.0 = Release|Any CPU
		{ED88FC02-188D-41D3-95E5-4B071FC18A6D}.Debug|Any CPU.ActiveCfg = Debug|Any CPU
		{ED88FC02-188D-41D3-95E5-4B071FC18A6D}.Debug|Any CPU.Build.0 = Debug|Any CPU
		{ED88FC02-188D-41D3-95E5-4B071FC18A6D}.Debug|Any CPU.Deploy.0 = Debug|Any CPU
		{ED88FC02-188D-41D3-95E5-4B071FC18A6D}.Debug|ARM.ActiveCfg = Debug|Any CPU
		{ED88FC02-188D-41D3-95E5-4B071FC18A6D}.Debug|ARM.Build.0 = Debug|Any CPU
		{ED88FC02-188D-41D3-95E5-4B071FC18A6D}.Debug|ARM.Deploy.0 = Debug|Any CPU
		{ED88FC02-188D-41D3-95E5-4B071FC18A6D}.Debug|ARM64.ActiveCfg = Debug|Any CPU
		{ED88FC02-188D-41D3-95E5-4B071FC18A6D}.Debug|ARM64.Build.0 = Debug|Any CPU
		{ED88FC02-188D-41D3-95E5-4B071FC18A6D}.Debug|ARM64.Deploy.0 = Debug|Any CPU
		{ED88FC02-188D-41D3-95E5-4B071FC18A6D}.Debug|iPhone.ActiveCfg = Debug|Any CPU
		{ED88FC02-188D-41D3-95E5-4B071FC18A6D}.Debug|iPhone.Build.0 = Debug|Any CPU
		{ED88FC02-188D-41D3-95E5-4B071FC18A6D}.Debug|iPhone.Deploy.0 = Debug|Any CPU
		{ED88FC02-188D-41D3-95E5-4B071FC18A6D}.Debug|iPhoneSimulator.ActiveCfg = Debug|Any CPU
		{ED88FC02-188D-41D3-95E5-4B071FC18A6D}.Debug|iPhoneSimulator.Build.0 = Debug|Any CPU
		{ED88FC02-188D-41D3-95E5-4B071FC18A6D}.Debug|iPhoneSimulator.Deploy.0 = Debug|Any CPU
		{ED88FC02-188D-41D3-95E5-4B071FC18A6D}.Debug|x64.ActiveCfg = Debug|Any CPU
		{ED88FC02-188D-41D3-95E5-4B071FC18A6D}.Debug|x64.Build.0 = Debug|Any CPU
		{ED88FC02-188D-41D3-95E5-4B071FC18A6D}.Debug|x64.Deploy.0 = Debug|Any CPU
		{ED88FC02-188D-41D3-95E5-4B071FC18A6D}.Debug|x86.ActiveCfg = Debug|Any CPU
		{ED88FC02-188D-41D3-95E5-4B071FC18A6D}.Debug|x86.Build.0 = Debug|Any CPU
		{ED88FC02-188D-41D3-95E5-4B071FC18A6D}.Debug|x86.Deploy.0 = Debug|Any CPU
		{ED88FC02-188D-41D3-95E5-4B071FC18A6D}.Release|Any CPU.ActiveCfg = Release|Any CPU
		{ED88FC02-188D-41D3-95E5-4B071FC18A6D}.Release|Any CPU.Build.0 = Release|Any CPU
		{ED88FC02-188D-41D3-95E5-4B071FC18A6D}.Release|Any CPU.Deploy.0 = Release|Any CPU
		{ED88FC02-188D-41D3-95E5-4B071FC18A6D}.Release|ARM.ActiveCfg = Release|Any CPU
		{ED88FC02-188D-41D3-95E5-4B071FC18A6D}.Release|ARM.Build.0 = Release|Any CPU
		{ED88FC02-188D-41D3-95E5-4B071FC18A6D}.Release|ARM.Deploy.0 = Release|Any CPU
		{ED88FC02-188D-41D3-95E5-4B071FC18A6D}.Release|ARM64.ActiveCfg = Release|Any CPU
		{ED88FC02-188D-41D3-95E5-4B071FC18A6D}.Release|ARM64.Build.0 = Release|Any CPU
		{ED88FC02-188D-41D3-95E5-4B071FC18A6D}.Release|ARM64.Deploy.0 = Release|Any CPU
		{ED88FC02-188D-41D3-95E5-4B071FC18A6D}.Release|iPhone.ActiveCfg = Release|Any CPU
		{ED88FC02-188D-41D3-95E5-4B071FC18A6D}.Release|iPhone.Build.0 = Release|Any CPU
		{ED88FC02-188D-41D3-95E5-4B071FC18A6D}.Release|iPhone.Deploy.0 = Release|Any CPU
		{ED88FC02-188D-41D3-95E5-4B071FC18A6D}.Release|iPhoneSimulator.ActiveCfg = Release|Any CPU
		{ED88FC02-188D-41D3-95E5-4B071FC18A6D}.Release|iPhoneSimulator.Build.0 = Release|Any CPU
		{ED88FC02-188D-41D3-95E5-4B071FC18A6D}.Release|iPhoneSimulator.Deploy.0 = Release|Any CPU
		{ED88FC02-188D-41D3-95E5-4B071FC18A6D}.Release|x64.ActiveCfg = Release|Any CPU
		{ED88FC02-188D-41D3-95E5-4B071FC18A6D}.Release|x64.Build.0 = Release|Any CPU
		{ED88FC02-188D-41D3-95E5-4B071FC18A6D}.Release|x64.Deploy.0 = Release|Any CPU
		{ED88FC02-188D-41D3-95E5-4B071FC18A6D}.Release|x86.ActiveCfg = Release|Any CPU
		{ED88FC02-188D-41D3-95E5-4B071FC18A6D}.Release|x86.Build.0 = Release|Any CPU
		{ED88FC02-188D-41D3-95E5-4B071FC18A6D}.Release|x86.Deploy.0 = Release|Any CPU
		{5FA53DC8-1EB8-46DF-A4B8-4EED38CA2406}.Debug|Any CPU.ActiveCfg = Debug|iPhone
		{5FA53DC8-1EB8-46DF-A4B8-4EED38CA2406}.Debug|ARM.ActiveCfg = Debug|iPhoneSimulator
		{5FA53DC8-1EB8-46DF-A4B8-4EED38CA2406}.Debug|ARM64.ActiveCfg = Debug|iPhoneSimulator
		{5FA53DC8-1EB8-46DF-A4B8-4EED38CA2406}.Debug|iPhone.ActiveCfg = Debug|iPhone
		{5FA53DC8-1EB8-46DF-A4B8-4EED38CA2406}.Debug|iPhone.Build.0 = Debug|iPhone
		{5FA53DC8-1EB8-46DF-A4B8-4EED38CA2406}.Debug|iPhoneSimulator.ActiveCfg = Debug|iPhoneSimulator
		{5FA53DC8-1EB8-46DF-A4B8-4EED38CA2406}.Debug|iPhoneSimulator.Build.0 = Debug|iPhoneSimulator
		{5FA53DC8-1EB8-46DF-A4B8-4EED38CA2406}.Debug|x64.ActiveCfg = Debug|iPhoneSimulator
		{5FA53DC8-1EB8-46DF-A4B8-4EED38CA2406}.Debug|x86.ActiveCfg = Debug|iPhoneSimulator
		{5FA53DC8-1EB8-46DF-A4B8-4EED38CA2406}.Release|Any CPU.ActiveCfg = Release|iPhone
		{5FA53DC8-1EB8-46DF-A4B8-4EED38CA2406}.Release|ARM.ActiveCfg = Release|iPhoneSimulator
		{5FA53DC8-1EB8-46DF-A4B8-4EED38CA2406}.Release|ARM64.ActiveCfg = Release|iPhoneSimulator
		{5FA53DC8-1EB8-46DF-A4B8-4EED38CA2406}.Release|iPhone.ActiveCfg = Release|iPhone
		{5FA53DC8-1EB8-46DF-A4B8-4EED38CA2406}.Release|iPhone.Build.0 = Release|iPhone
		{5FA53DC8-1EB8-46DF-A4B8-4EED38CA2406}.Release|iPhoneSimulator.ActiveCfg = Release|iPhoneSimulator
		{5FA53DC8-1EB8-46DF-A4B8-4EED38CA2406}.Release|iPhoneSimulator.Build.0 = Release|iPhoneSimulator
		{5FA53DC8-1EB8-46DF-A4B8-4EED38CA2406}.Release|x64.ActiveCfg = Release|iPhoneSimulator
		{5FA53DC8-1EB8-46DF-A4B8-4EED38CA2406}.Release|x86.ActiveCfg = Release|iPhoneSimulator
		{B08AE05C-7B54-411D-A2E8-52130665A9D9}.Debug|Any CPU.ActiveCfg = Debug|Any CPU
		{B08AE05C-7B54-411D-A2E8-52130665A9D9}.Debug|Any CPU.Build.0 = Debug|Any CPU
		{B08AE05C-7B54-411D-A2E8-52130665A9D9}.Debug|ARM.ActiveCfg = Debug|Any CPU
		{B08AE05C-7B54-411D-A2E8-52130665A9D9}.Debug|ARM.Build.0 = Debug|Any CPU
		{B08AE05C-7B54-411D-A2E8-52130665A9D9}.Debug|ARM64.ActiveCfg = Debug|Any CPU
		{B08AE05C-7B54-411D-A2E8-52130665A9D9}.Debug|ARM64.Build.0 = Debug|Any CPU
		{B08AE05C-7B54-411D-A2E8-52130665A9D9}.Debug|iPhone.ActiveCfg = Debug|Any CPU
		{B08AE05C-7B54-411D-A2E8-52130665A9D9}.Debug|iPhone.Build.0 = Debug|Any CPU
		{B08AE05C-7B54-411D-A2E8-52130665A9D9}.Debug|iPhoneSimulator.ActiveCfg = Debug|Any CPU
		{B08AE05C-7B54-411D-A2E8-52130665A9D9}.Debug|iPhoneSimulator.Build.0 = Debug|Any CPU
		{B08AE05C-7B54-411D-A2E8-52130665A9D9}.Debug|x64.ActiveCfg = Debug|Any CPU
		{B08AE05C-7B54-411D-A2E8-52130665A9D9}.Debug|x64.Build.0 = Debug|Any CPU
		{B08AE05C-7B54-411D-A2E8-52130665A9D9}.Debug|x86.ActiveCfg = Debug|Any CPU
		{B08AE05C-7B54-411D-A2E8-52130665A9D9}.Debug|x86.Build.0 = Debug|Any CPU
		{B08AE05C-7B54-411D-A2E8-52130665A9D9}.Release|Any CPU.ActiveCfg = Release|Any CPU
		{B08AE05C-7B54-411D-A2E8-52130665A9D9}.Release|Any CPU.Build.0 = Release|Any CPU
		{B08AE05C-7B54-411D-A2E8-52130665A9D9}.Release|ARM.ActiveCfg = Release|Any CPU
		{B08AE05C-7B54-411D-A2E8-52130665A9D9}.Release|ARM.Build.0 = Release|Any CPU
		{B08AE05C-7B54-411D-A2E8-52130665A9D9}.Release|ARM64.ActiveCfg = Release|Any CPU
		{B08AE05C-7B54-411D-A2E8-52130665A9D9}.Release|ARM64.Build.0 = Release|Any CPU
		{B08AE05C-7B54-411D-A2E8-52130665A9D9}.Release|iPhone.ActiveCfg = Release|Any CPU
		{B08AE05C-7B54-411D-A2E8-52130665A9D9}.Release|iPhone.Build.0 = Release|Any CPU
		{B08AE05C-7B54-411D-A2E8-52130665A9D9}.Release|iPhoneSimulator.ActiveCfg = Release|Any CPU
		{B08AE05C-7B54-411D-A2E8-52130665A9D9}.Release|iPhoneSimulator.Build.0 = Release|Any CPU
		{B08AE05C-7B54-411D-A2E8-52130665A9D9}.Release|x64.ActiveCfg = Release|Any CPU
		{B08AE05C-7B54-411D-A2E8-52130665A9D9}.Release|x64.Build.0 = Release|Any CPU
		{B08AE05C-7B54-411D-A2E8-52130665A9D9}.Release|x86.ActiveCfg = Release|Any CPU
		{B08AE05C-7B54-411D-A2E8-52130665A9D9}.Release|x86.Build.0 = Release|Any CPU
		{4F4E59D6-B97F-4CFB-853F-85120FFD98CD}.Debug|Any CPU.ActiveCfg = Debug|x86
		{4F4E59D6-B97F-4CFB-853F-85120FFD98CD}.Debug|ARM.ActiveCfg = Debug|ARM
		{4F4E59D6-B97F-4CFB-853F-85120FFD98CD}.Debug|ARM.Build.0 = Debug|ARM
		{4F4E59D6-B97F-4CFB-853F-85120FFD98CD}.Debug|ARM.Deploy.0 = Debug|ARM
		{4F4E59D6-B97F-4CFB-853F-85120FFD98CD}.Debug|ARM64.ActiveCfg = Debug|ARM64
		{4F4E59D6-B97F-4CFB-853F-85120FFD98CD}.Debug|ARM64.Build.0 = Debug|ARM64
		{4F4E59D6-B97F-4CFB-853F-85120FFD98CD}.Debug|ARM64.Deploy.0 = Debug|ARM64
		{4F4E59D6-B97F-4CFB-853F-85120FFD98CD}.Debug|iPhone.ActiveCfg = Debug|x86
		{4F4E59D6-B97F-4CFB-853F-85120FFD98CD}.Debug|iPhoneSimulator.ActiveCfg = Debug|x86
		{4F4E59D6-B97F-4CFB-853F-85120FFD98CD}.Debug|x64.ActiveCfg = Debug|x64
		{4F4E59D6-B97F-4CFB-853F-85120FFD98CD}.Debug|x64.Build.0 = Debug|x64
		{4F4E59D6-B97F-4CFB-853F-85120FFD98CD}.Debug|x64.Deploy.0 = Debug|x64
		{4F4E59D6-B97F-4CFB-853F-85120FFD98CD}.Debug|x86.ActiveCfg = Debug|x86
		{4F4E59D6-B97F-4CFB-853F-85120FFD98CD}.Debug|x86.Build.0 = Debug|x86
		{4F4E59D6-B97F-4CFB-853F-85120FFD98CD}.Debug|x86.Deploy.0 = Debug|x86
		{4F4E59D6-B97F-4CFB-853F-85120FFD98CD}.Release|Any CPU.ActiveCfg = Release|x86
		{4F4E59D6-B97F-4CFB-853F-85120FFD98CD}.Release|ARM.ActiveCfg = Release|ARM
		{4F4E59D6-B97F-4CFB-853F-85120FFD98CD}.Release|ARM.Build.0 = Release|ARM
		{4F4E59D6-B97F-4CFB-853F-85120FFD98CD}.Release|ARM.Deploy.0 = Release|ARM
		{4F4E59D6-B97F-4CFB-853F-85120FFD98CD}.Release|ARM64.ActiveCfg = Release|ARM64
		{4F4E59D6-B97F-4CFB-853F-85120FFD98CD}.Release|ARM64.Build.0 = Release|ARM64
		{4F4E59D6-B97F-4CFB-853F-85120FFD98CD}.Release|ARM64.Deploy.0 = Release|ARM64
		{4F4E59D6-B97F-4CFB-853F-85120FFD98CD}.Release|iPhone.ActiveCfg = Release|x86
		{4F4E59D6-B97F-4CFB-853F-85120FFD98CD}.Release|iPhoneSimulator.ActiveCfg = Release|x86
		{4F4E59D6-B97F-4CFB-853F-85120FFD98CD}.Release|x64.ActiveCfg = Release|x64
		{4F4E59D6-B97F-4CFB-853F-85120FFD98CD}.Release|x64.Build.0 = Release|x64
		{4F4E59D6-B97F-4CFB-853F-85120FFD98CD}.Release|x64.Deploy.0 = Release|x64
		{4F4E59D6-B97F-4CFB-853F-85120FFD98CD}.Release|x86.ActiveCfg = Release|x86
		{4F4E59D6-B97F-4CFB-853F-85120FFD98CD}.Release|x86.Build.0 = Release|x86
		{4F4E59D6-B97F-4CFB-853F-85120FFD98CD}.Release|x86.Deploy.0 = Release|x86
	EndGlobalSection
	GlobalSection(SolutionProperties) = preSolution
		HideSolutionNode = FALSE
	EndGlobalSection
	GlobalSection(NestedProjects) = preSolution
		{807F6375-47C7-4124-8A1E-C8F3DBB61140} = {3DE044F1-872C-4931-8FD6-AAD9D61011B5}
		{ED88FC02-188D-41D3-95E5-4B071FC18A6D} = {B20531D3-D76A-454D-9B35-FE5766103660}
		{5FA53DC8-1EB8-46DF-A4B8-4EED38CA2406} = {B20531D3-D76A-454D-9B35-FE5766103660}
		{B08AE05C-7B54-411D-A2E8-52130665A9D9} = {B20531D3-D76A-454D-9B35-FE5766103660}
		{4F4E59D6-B97F-4CFB-853F-85120FFD98CD} = {8A1B0F99-940C-487E-8348-AE49239D13C0}
		{B20531D3-D76A-454D-9B35-FE5766103660} = {5DD40AE0-D548-4F65-9156-CA619E1BE511}
		{8A1B0F99-940C-487E-8348-AE49239D13C0} = {5DD40AE0-D548-4F65-9156-CA619E1BE511}
	EndGlobalSection
	GlobalSection(ExtensibilityGlobals) = postSolution
		SolutionGuid = {A416DA55-9ABA-4573-B2E2-2C737AFDCB6B}
	EndGlobalSection
EndGlobal
